{
	"name": "@weave-js/authentication",
	"version": "0.0.18",
	"lockfileVersion": 1,
	"requires": true,
	"dependencies": {
		"eslint-config-fw": {
			"version": "1.0.3",
			"resolved": "https://registry.npmjs.org/eslint-config-fw/-/eslint-config-fw-1.0.3.tgz",
			"integrity": "sha512-cnv8VlOtQTtlkmNbeFZuKXYcBEe6C9p4SjDI1HEt+/TEbbi/xB8gqvu6pN3kDt+UtC9bmhSW4Dvn2ngALrxCww==",
			"dev": true
		}
	}
}
