{
  "name": "@weave-js/monitor",
  "version": "0.7.0-alpha.18+896c933",
  "lockfileVersion": 1,
  "requires": true,
  "dependencies": {
    "@weave-js/core": {
      "version": "0.7.0-alpha.18",
      "dev": true,
      "requires": {
        "args": "^5.0.1",
        "carrier": "^0.3.0",
        "cli-table": "^0.3.1",
        "es6-error": "^4.1.1",
        "esdoc": "^1.1.0",
        "esdoc-standard-plugin": "^1.0.0",
        "eventemitter2": "^5.0.1",
        "fachwork": "0.0.10",
        "figures": "^3.0.0",
        "fw-object-validator": "^0.2.0",
        "glob": "^7.1.4",
        "ip": "^1.1.5",
        "kleur": "^3.0.3",
        "lodash": "^4.17.11",
        "nanomatch": "^1.2.13",
        "nats": "^1.2.10",
        "node-object-hash": "^1.4.2",
        "node-strict": "^1.0.1",
        "norma": "^0.4.1",
        "uuid": "^3.3.2",
        "vorpal": "^1.12.0"
      }
    },
    "buefy": {
      "version": "0.7.8",
      "resolved": "https://registry.npmjs.org/buefy/-/buefy-0.7.8.tgz",
      "integrity": "sha512-ygOY/83spIkjRtqFd9I8ibPcvmVUotwljBqyHaQGhePXWkTFOnkIwDQZeMMAiB1FGWP5omFZ49e0yUXvbLK37A==",
      "requires": {
        "bulma": "0.7.5"
      },
      "dependencies": {
        "bulma": {
          "version": "0.7.5",
          "resolved": "https://registry.npmjs.org/bulma/-/bulma-0.7.5.tgz",
          "integrity": "sha512-cX98TIn0I6sKba/DhW0FBjtaDpxTelU166pf7ICXpCCuplHWyu6C9LYZmL5PEsnePIeJaiorsTEzzNk3Tsm1hw=="
        }
      }
    }
  }
}
